
Microsoft Visual Studio Solution File, Format Version 12.00
# Visual Studio Version 17
VisualStudioVersion = 17.11.35303.130
MinimumVisualStudioVersion = 10.0.40219.1
Project("{FAE04EC0-301F-11D3-BF4B-00C04F79EFBC}") = "RKE132-Week3-IfAndSwitch", "RKE132-Week3-IfAndSwitch\RKE132-Week3-IfAndSwitch.csproj", "{69E31333-452E-49B1-8F8E-89B98F5BAA11}"
EndProject
Project("{FAE04EC0-301F-11D3-BF4B-00C04F79EFBC}") = "OddOrEven", "OddOrEven\OddOrEven.csproj", "{A84F351B-3CBD-49CA-B13C-89EFCC44A5BF}"
EndProject
Project("{FAE04EC0-301F-11D3-BF4B-00C04F79EFBC}") = "IfDayOfTheWeek", "IfDayOfTheWeek\IfDayOfTheWeek.csproj", "{6E7C65E6-9C4D-4BE1-AE31-C6B7AAEA4157}"
EndProject
Project("{FAE04EC0-301F-11D3-BF4B-00C04F79EFBC}") = "SwitchDayOfTheWeek", "SwitchDayOfTheWeek\SwitchDayOfTheWeek.csproj", "{90A9D464-0F9A-40AE-924C-B4E50F580700}"
EndProject
Global
	GlobalSection(SolutionConfigurationPlatforms) = preSolution
		Debug|Any CPU = Debug|Any CPU
		Release|Any CPU = Release|Any CPU
	EndGlobalSection
	GlobalSection(ProjectConfigurationPlatforms) = postSolution
		{69E31333-452E-49B1-8F8E-89B98F5BAA11}.Debug|Any CPU.ActiveCfg = Debug|Any CPU
		{69E31333-452E-49B1-8F8E-89B98F5BAA11}.Debug|Any CPU.Build.0 = Debug|Any CPU
		{69E31333-452E-49B1-8F8E-89B98F5BAA11}.Release|Any CPU.ActiveCfg = Release|Any CPU
		{69E31333-452E-49B1-8F8E-89B98F5BAA11}.Release|Any CPU.Build.0 = Release|Any CPU
		{A84F351B-3CBD-49CA-B13C-89EFCC44A5BF}.Debug|Any CPU.ActiveCfg = Debug|Any CPU
		{A84F351B-3CBD-49CA-B13C-89EFCC44A5BF}.Debug|Any CPU.Build.0 = Debug|Any CPU
		{A84F351B-3CBD-49CA-B13C-89EFCC44A5BF}.Release|Any CPU.ActiveCfg = Release|Any CPU
		{A84F351B-3CBD-49CA-B13C-89EFCC44A5BF}.Release|Any CPU.Build.0 = Release|Any CPU
		{6E7C65E6-9C4D-4BE1-AE31-C6B7AAEA4157}.Debug|Any CPU.ActiveCfg = Debug|Any CPU
		{6E7C65E6-9C4D-4BE1-AE31-C6B7AAEA4157}.Debug|Any CPU.Build.0 = Debug|Any CPU
		{6E7C65E6-9C4D-4BE1-AE31-C6B7AAEA4157}.Release|Any CPU.ActiveCfg = Release|Any CPU
		{6E7C65E6-9C4D-4BE1-AE31-C6B7AAEA4157}.Release|Any CPU.Build.0 = Release|Any CPU
		{90A9D464-0F9A-40AE-924C-B4E50F580700}.Debug|Any CPU.ActiveCfg = Debug|Any CPU
		{90A9D464-0F9A-40AE-924C-B4E50F580700}.Debug|Any CPU.Build.0 = Debug|Any CPU
		{90A9D464-0F9A-40AE-924C-B4E50F580700}.Release|Any CPU.ActiveCfg = Release|Any CPU
		{90A9D464-0F9A-40AE-924C-B4E50F580700}.Release|Any CPU.Build.0 = Release|Any CPU
	EndGlobalSection
	GlobalSection(SolutionProperties) = preSolution
		HideSolutionNode = FALSE
	EndGlobalSection
	GlobalSection(ExtensibilityGlobals) = postSolution
		SolutionGuid = {CF8076A5-3265-4885-B6F6-134C3AEC819F}
	EndGlobalSection
EndGlobal
